
Microsoft Visual Studio Solution File, Format Version 12.00
# Visual Studio Version 17
VisualStudioVersion = 17.12.35527.113 d17.12
MinimumVisualStudioVersion = 10.0.40219.1
Project("{FAE04EC0-301F-11D3-BF4B-00C04F79EFBC}") = "ProjectGymSimWindow", "ProjectGymSimWindow\ProjectGymSimWindow.csproj", "{E6F98E26-BB9D-4C5F-98A8-48CE93B3EF93}"
EndProject
Project("{FAE04EC0-301F-11D3-BF4B-00C04F79EFBC}") = "ProjectGymSimWindow.Desktop", "ProjectGymSimWindow.Desktop\ProjectGymSimWindow.Desktop.csproj", "{9388CFB7-1013-4CC3-A608-A72D119588DF}"
EndProject
Global
	GlobalSection(SolutionConfigurationPlatforms) = preSolution
		Debug|Any CPU = Debug|Any CPU
		Release|Any CPU = Release|Any CPU
	EndGlobalSection
	GlobalSection(ProjectConfigurationPlatforms) = postSolution
		{E6F98E26-BB9D-4C5F-98A8-48CE93B3EF93}.Debug|Any CPU.ActiveCfg = Debug|Any CPU
		{E6F98E26-BB9D-4C5F-98A8-48CE93B3EF93}.Debug|Any CPU.Build.0 = Debug|Any CPU
		{E6F98E26-BB9D-4C5F-98A8-48CE93B3EF93}.Release|Any CPU.ActiveCfg = Release|Any CPU
		{E6F98E26-BB9D-4C5F-98A8-48CE93B3EF93}.Release|Any CPU.Build.0 = Release|Any CPU
		{9388CFB7-1013-4CC3-A608-A72D119588DF}.Debug|Any CPU.ActiveCfg = Debug|Any CPU
		{9388CFB7-1013-4CC3-A608-A72D119588DF}.Debug|Any CPU.Build.0 = Debug|Any CPU
		{9388CFB7-1013-4CC3-A608-A72D119588DF}.Release|Any CPU.ActiveCfg = Release|Any CPU
		{9388CFB7-1013-4CC3-A608-A72D119588DF}.Release|Any CPU.Build.0 = Release|Any CPU
	EndGlobalSection
	GlobalSection(SolutionProperties) = preSolution
		HideSolutionNode = FALSE
	EndGlobalSection
EndGlobal
